
Microsoft Visual Studio Solution File, Format Version 12.00
# Visual Studio Version 17
VisualStudioVersion = 17.10.35027.167
MinimumVisualStudioVersion = 10.0.40219.1
Project("{FAE04EC0-301F-11D3-BF4B-00C04F79EFBC}") = "Tissue Factory Management System", "Tissue Factory Management System.csproj", "{508B648C-BD20-40A8-9172-0D4708C7E48D}"
EndProject
Project("{FAE04EC0-301F-11D3-BF4B-00C04F79EFBC}") = "DataAccessLayer", "..\DataAccessLayer\DataAccessLayer.csproj", "{780C0A9B-587F-4915-A5D1-20142A02AEA2}"
EndProject
Project("{FAE04EC0-301F-11D3-BF4B-00C04F79EFBC}") = "BussinesLayer", "..\BussinesLayer\BussinesLayer.csproj", "{9C0D88D2-FD42-43AC-AA0A-057FD4126849}"
EndProject
Global
	GlobalSection(SolutionConfigurationPlatforms) = preSolution
		Debug|Any CPU = Debug|Any CPU
		Release|Any CPU = Release|Any CPU
	EndGlobalSection
	GlobalSection(ProjectConfigurationPlatforms) = postSolution
		{508B648C-BD20-40A8-9172-0D4708C7E48D}.Debug|Any CPU.ActiveCfg = Debug|Any CPU
		{508B648C-BD20-40A8-9172-0D4708C7E48D}.Debug|Any CPU.Build.0 = Debug|Any CPU
		{508B648C-BD20-40A8-9172-0D4708C7E48D}.Release|Any CPU.ActiveCfg = Release|Any CPU
		{508B648C-BD20-40A8-9172-0D4708C7E48D}.Release|Any CPU.Build.0 = Release|Any CPU
		{780C0A9B-587F-4915-A5D1-20142A02AEA2}.Debug|Any CPU.ActiveCfg = Debug|Any CPU
		{780C0A9B-587F-4915-A5D1-20142A02AEA2}.Debug|Any CPU.Build.0 = Debug|Any CPU
		{780C0A9B-587F-4915-A5D1-20142A02AEA2}.Release|Any CPU.ActiveCfg = Release|Any CPU
		{780C0A9B-587F-4915-A5D1-20142A02AEA2}.Release|Any CPU.Build.0 = Release|Any CPU
		{9C0D88D2-FD42-43AC-AA0A-057FD4126849}.Debug|Any CPU.ActiveCfg = Debug|Any CPU
		{9C0D88D2-FD42-43AC-AA0A-057FD4126849}.Debug|Any CPU.Build.0 = Debug|Any CPU
		{9C0D88D2-FD42-43AC-AA0A-057FD4126849}.Release|Any CPU.ActiveCfg = Release|Any CPU
		{9C0D88D2-FD42-43AC-AA0A-057FD4126849}.Release|Any CPU.Build.0 = Release|Any CPU
	EndGlobalSection
	GlobalSection(SolutionProperties) = preSolution
		HideSolutionNode = FALSE
	EndGlobalSection
	GlobalSection(ExtensibilityGlobals) = postSolution
		SolutionGuid = {61EBE4AA-B1F2-4CE7-9769-72EB8B48D3A4}
	EndGlobalSection
EndGlobal
